// !$*UTF8*$!
{
	archiveVersion = 1;
	classes = {
	};
	objectVersion = 56;
	objects = {

/* Begin PBXBuildFile section */
		0A197BD3FD9F54AFE6CAAE1F /* Pods_WeatherApps.framework in Frameworks */ = {isa = PBXBuildFile; fileRef = 03C346ABE6A846E0743195E0 /* Pods_WeatherApps.framework */; };
		FB0B319029C7234D00C931CF /* TimeWorker.swift in Sources */ = {isa = PBXBuildFile; fileRef = FB0B318F29C7234D00C931CF /* TimeWorker.swift */; };
		FB119A0A29C59B6600267DC9 /* clouds.gif in Resources */ = {isa = PBXBuildFile; fileRef = FB119A0929C59B6600267DC9 /* clouds.gif */; };
		FB119A0C29C59C0200267DC9 /* cloudsNight.gif in Resources */ = {isa = PBXBuildFile; fileRef = FB119A0B29C59C0200267DC9 /* cloudsNight.gif */; };
		FB38C8FD29BA617400D68386 /* DetailVC.swift in Sources */ = {isa = PBXBuildFile; fileRef = FB38C8FC29BA617400D68386 /* DetailVC.swift */; };
		FB38C8FF29BA618100D68386 /* DetailView.swift in Sources */ = {isa = PBXBuildFile; fileRef = FB38C8FE29BA618100D68386 /* DetailView.swift */; };
		FB47B26929BFA92F00027EB8 /* WeatherCondition.swift in Sources */ = {isa = PBXBuildFile; fileRef = FB47B26829BFA92F00027EB8 /* WeatherCondition.swift */; };
		FB4D0FA729BDD3C4009B4438 /* thunderstorm.gif in Resources */ = {isa = PBXBuildFile; fileRef = FB4D0FA629BDD3C4009B4438 /* thunderstorm.gif */; };
		FB4D0FA929BDD450009B4438 /* rain.gif in Resources */ = {isa = PBXBuildFile; fileRef = FB4D0FA829BDD450009B4438 /* rain.gif */; };
		FB4D0FAD29BDD5BC009B4438 /* snow.gif in Resources */ = {isa = PBXBuildFile; fileRef = FB4D0FAC29BDD5BC009B4438 /* snow.gif */; };
		FB4D0FAF29BDD6AB009B4438 /* clearsky.gif in Resources */ = {isa = PBXBuildFile; fileRef = FB4D0FAE29BDD6AB009B4438 /* clearsky.gif */; };
		FB4D0FB529BE609D009B4438 /* drizzle.gif in Resources */ = {isa = PBXBuildFile; fileRef = FB4D0FB429BE609D009B4438 /* drizzle.gif */; };
		FB4D0FB929BE7375009B4438 /* BorderActivity.swift in Sources */ = {isa = PBXBuildFile; fileRef = FB4D0FB829BE7375009B4438 /* BorderActivity.swift */; };
		FB5F017D29C25CCC00AA853D /* deleteSound.mp3 in Resources */ = {isa = PBXBuildFile; fileRef = FB5F017C29C25CCC00AA853D /* deleteSound.mp3 */; };
		FB5F017F29C25E9200AA853D /* addCitySound.mp3 in Resources */ = {isa = PBXBuildFile; fileRef = FB5F017E29C25E9200AA853D /* addCitySound.mp3 */; };
		FB60467D29B8D08900A5C15E /* AppDelegate.swift in Sources */ = {isa = PBXBuildFile; fileRef = FB60467C29B8D08900A5C15E /* AppDelegate.swift */; };
		FB60467F29B8D08900A5C15E /* SceneDelegate.swift in Sources */ = {isa = PBXBuildFile; fileRef = FB60467E29B8D08900A5C15E /* SceneDelegate.swift */; };
		FB60468629B8D08A00A5C15E /* Assets.xcassets in Resources */ = {isa = PBXBuildFile; fileRef = FB60468529B8D08A00A5C15E /* Assets.xcassets */; };
		FB60468929B8D08A00A5C15E /* LaunchScreen.storyboard in Resources */ = {isa = PBXBuildFile; fileRef = FB60468729B8D08A00A5C15E /* LaunchScreen.storyboard */; };
		FB60469829B8D0B700A5C15E /* ODColors.swift in Sources */ = {isa = PBXBuildFile; fileRef = FB60469029B8D0B700A5C15E /* ODColors.swift */; };
		FB60469929B8D0B700A5C15E /* ODFonts.swift in Sources */ = {isa = PBXBuildFile; fileRef = FB60469129B8D0B700A5C15E /* ODFonts.swift */; };
		FB60469A29B8D0B700A5C15E /* ButtonExtension.swift in Sources */ = {isa = PBXBuildFile; fileRef = FB60469229B8D0B700A5C15E /* ButtonExtension.swift */; };
		FB60469B29B8D0B700A5C15E /* LabelExtension.swift in Sources */ = {isa = PBXBuildFile; fileRef = FB60469329B8D0B700A5C15E /* LabelExtension.swift */; };
		FB60469C29B8D0B700A5C15E /* ViewSettings.swift in Sources */ = {isa = PBXBuildFile; fileRef = FB60469429B8D0B700A5C15E /* ViewSettings.swift */; };
		FB60469D29B8D0B700A5C15E /* StackViewExtension.swift in Sources */ = {isa = PBXBuildFile; fileRef = FB60469529B8D0B700A5C15E /* StackViewExtension.swift */; };
		FB60469E29B8D0B700A5C15E /* Helper.swift in Sources */ = {isa = PBXBuildFile; fileRef = FB60469629B8D0B700A5C15E /* Helper.swift */; };
		FB60469F29B8D0B700A5C15E /* TextFieldExtension.swift in Sources */ = {isa = PBXBuildFile; fileRef = FB60469729B8D0B700A5C15E /* TextFieldExtension.swift */; };
		FB6046A529B8D0C700A5C15E /* WeatherData.swift in Sources */ = {isa = PBXBuildFile; fileRef = FB6046A129B8D0C700A5C15E /* WeatherData.swift */; };
		FB6046A729B8D0C700A5C15E /* GeoData.swift in Sources */ = {isa = PBXBuildFile; fileRef = FB6046A329B8D0C700A5C15E /* GeoData.swift */; };
		FB6046A929B8D0D500A5C15E /* NetWorkService.swift in Sources */ = {isa = PBXBuildFile; fileRef = FB6046A829B8D0D500A5C15E /* NetWorkService.swift */; };
		FB6046AD29B8D0E800A5C15E /* MainViewVC.swift in Sources */ = {isa = PBXBuildFile; fileRef = FB6046AA29B8D0E800A5C15E /* MainViewVC.swift */; };
		FB6046AE29B8D0E800A5C15E /* MyCell.swift in Sources */ = {isa = PBXBuildFile; fileRef = FB6046AB29B8D0E800A5C15E /* MyCell.swift */; };
		FB6046AF29B8D0E800A5C15E /* MainView.swift in Sources */ = {isa = PBXBuildFile; fileRef = FB6046AC29B8D0E800A5C15E /* MainView.swift */; };
		FB8F482129BC805600078120 /* WeatherModel.xcdatamodeld in Sources */ = {isa = PBXBuildFile; fileRef = FB8F481F29BC805600078120 /* WeatherModel.xcdatamodeld */; };
		FB9A97BC29C0E70F00E5B96E /* rainNight.gif in Resources */ = {isa = PBXBuildFile; fileRef = FB9A97BB29C0E70F00E5B96E /* rainNight.gif */; };
		FB9A97BE29C0E88200E5B96E /* clearskyNight.gif in Resources */ = {isa = PBXBuildFile; fileRef = FB9A97BD29C0E88200E5B96E /* clearskyNight.gif */; };
		FB9A97C029C0E88900E5B96E /* snowNight.gif in Resources */ = {isa = PBXBuildFile; fileRef = FB9A97BF29C0E88900E5B96E /* snowNight.gif */; };
		FBACD12A29BB900A007BB94A /* NetWorkApi.swift in Sources */ = {isa = PBXBuildFile; fileRef = FBACD12929BB900A007BB94A /* NetWorkApi.swift */; };
/* End PBXBuildFile section */

/* Begin PBXFileReference section */
		03C346ABE6A846E0743195E0 /* Pods_WeatherApps.framework */ = {isa = PBXFileReference; explicitFileType = wrapper.framework; includeInIndex = 0; path = Pods_WeatherApps.framework; sourceTree = BUILT_PRODUCTS_DIR; };
		09C3E36CAF1D072BE4B7D5AE /* Pods-WeatherApps.release.xcconfig */ = {isa = PBXFileReference; includeInIndex = 1; lastKnownFileType = text.xcconfig; name = "Pods-WeatherApps.release.xcconfig"; path = "Target Support Files/Pods-WeatherApps/Pods-WeatherApps.release.xcconfig"; sourceTree = "<group>"; };
		8B9A6CBFEE5560DE957AB67D /* Pods-WeatherApps.debug.xcconfig */ = {isa = PBXFileReference; includeInIndex = 1; lastKnownFileType = text.xcconfig; name = "Pods-WeatherApps.debug.xcconfig"; path = "Target Support Files/Pods-WeatherApps/Pods-WeatherApps.debug.xcconfig"; sourceTree = "<group>"; };
		FB0B318F29C7234D00C931CF /* TimeWorker.swift */ = {isa = PBXFileReference; lastKnownFileType = sourcecode.swift; path = TimeWorker.swift; sourceTree = "<group>"; };
		FB119A0929C59B6600267DC9 /* clouds.gif */ = {isa = PBXFileReference; lastKnownFileType = image.gif; path = clouds.gif; sourceTree = "<group>"; };
		FB119A0B29C59C0200267DC9 /* cloudsNight.gif */ = {isa = PBXFileReference; lastKnownFileType = image.gif; path = cloudsNight.gif; sourceTree = "<group>"; };
		FB38C8FC29BA617400D68386 /* DetailVC.swift */ = {isa = PBXFileReference; lastKnownFileType = sourcecode.swift; path = DetailVC.swift; sourceTree = "<group>"; };
		FB38C8FE29BA618100D68386 /* DetailView.swift */ = {isa = PBXFileReference; lastKnownFileType = sourcecode.swift; path = DetailView.swift; sourceTree = "<group>"; };
		FB47B26829BFA92F00027EB8 /* WeatherCondition.swift */ = {isa = PBXFileReference; lastKnownFileType = sourcecode.swift; path = WeatherCondition.swift; sourceTree = "<group>"; };
		FB4D0FA629BDD3C4009B4438 /* thunderstorm.gif */ = {isa = PBXFileReference; lastKnownFileType = image.gif; path = thunderstorm.gif; sourceTree = "<group>"; };
		FB4D0FA829BDD450009B4438 /* rain.gif */ = {isa = PBXFileReference; lastKnownFileType = image.gif; path = rain.gif; sourceTree = "<group>"; };
		FB4D0FAC29BDD5BC009B4438 /* snow.gif */ = {isa = PBXFileReference; lastKnownFileType = image.gif; path = snow.gif; sourceTree = "<group>"; };
		FB4D0FAE29BDD6AB009B4438 /* clearsky.gif */ = {isa = PBXFileReference; lastKnownFileType = image.gif; path = clearsky.gif; sourceTree = "<group>"; };
		FB4D0FB429BE609D009B4438 /* drizzle.gif */ = {isa = PBXFileReference; lastKnownFileType = image.gif; name = drizzle.gif; path = ../../../../Downloads/drizzle.gif; sourceTree = "<group>"; };
		FB4D0FB829BE7375009B4438 /* BorderActivity.swift */ = {isa = PBXFileReference; lastKnownFileType = sourcecode.swift; path = BorderActivity.swift; sourceTree = "<group>"; };
		FB5F017C29C25CCC00AA853D /* deleteSound.mp3 */ = {isa = PBXFileReference; lastKnownFileType = audio.mp3; path = deleteSound.mp3; sourceTree = "<group>"; };
		FB5F017E29C25E9200AA853D /* addCitySound.mp3 */ = {isa = PBXFileReference; lastKnownFileType = audio.mp3; path = addCitySound.mp3; sourceTree = "<group>"; };
		FB60467929B8D08900A5C15E /* WeatherApps.app */ = {isa = PBXFileReference; explicitFileType = wrapper.application; includeInIndex = 0; path = WeatherApps.app; sourceTree = BUILT_PRODUCTS_DIR; };
		FB60467C29B8D08900A5C15E /* AppDelegate.swift */ = {isa = PBXFileReference; lastKnownFileType = sourcecode.swift; path = AppDelegate.swift; sourceTree = "<group>"; };
		FB60467E29B8D08900A5C15E /* SceneDelegate.swift */ = {isa = PBXFileReference; lastKnownFileType = sourcecode.swift; path = SceneDelegate.swift; sourceTree = "<group>"; };
		FB60468529B8D08A00A5C15E /* Assets.xcassets */ = {isa = PBXFileReference; lastKnownFileType = folder.assetcatalog; path = Assets.xcassets; sourceTree = "<group>"; };
		FB60468829B8D08A00A5C15E /* Base */ = {isa = PBXFileReference; lastKnownFileType = file.storyboard; name = Base; path = Base.lproj/LaunchScreen.storyboard; sourceTree = "<group>"; };
		FB60468A29B8D08A00A5C15E /* Info.plist */ = {isa = PBXFileReference; lastKnownFileType = text.plist.xml; path = Info.plist; sourceTree = "<group>"; };
		FB60469029B8D0B700A5C15E /* ODColors.swift */ = {isa = PBXFileReference; fileEncoding = 4; lastKnownFileType = sourcecode.swift; path = ODColors.swift; sourceTree = "<group>"; };
		FB60469129B8D0B700A5C15E /* ODFonts.swift */ = {isa = PBXFileReference; fileEncoding = 4; lastKnownFileType = sourcecode.swift; path = ODFonts.swift; sourceTree = "<group>"; };
		FB60469229B8D0B700A5C15E /* ButtonExtension.swift */ = {isa = PBXFileReference; fileEncoding = 4; lastKnownFileType = sourcecode.swift; path = ButtonExtension.swift; sourceTree = "<group>"; };
		FB60469329B8D0B700A5C15E /* LabelExtension.swift */ = {isa = PBXFileReference; fileEncoding = 4; lastKnownFileType = sourcecode.swift; path = LabelExtension.swift; sourceTree = "<group>"; };
		FB60469429B8D0B700A5C15E /* ViewSettings.swift */ = {isa = PBXFileReference; fileEncoding = 4; lastKnownFileType = sourcecode.swift; path = ViewSettings.swift; sourceTree = "<group>"; };
		FB60469529B8D0B700A5C15E /* StackViewExtension.swift */ = {isa = PBXFileReference; fileEncoding = 4; lastKnownFileType = sourcecode.swift; path = StackViewExtension.swift; sourceTree = "<group>"; };
		FB60469629B8D0B700A5C15E /* Helper.swift */ = {isa = PBXFileReference; fileEncoding = 4; lastKnownFileType = sourcecode.swift; path = Helper.swift; sourceTree = "<group>"; };
		FB60469729B8D0B700A5C15E /* TextFieldExtension.swift */ = {isa = PBXFileReference; fileEncoding = 4; lastKnownFileType = sourcecode.swift; path = TextFieldExtension.swift; sourceTree = "<group>"; };
		FB6046A129B8D0C700A5C15E /* WeatherData.swift */ = {isa = PBXFileReference; fileEncoding = 4; lastKnownFileType = sourcecode.swift; path = WeatherData.swift; sourceTree = "<group>"; };
		FB6046A329B8D0C700A5C15E /* GeoData.swift */ = {isa = PBXFileReference; fileEncoding = 4; lastKnownFileType = sourcecode.swift; path = GeoData.swift; sourceTree = "<group>"; };
		FB6046A829B8D0D500A5C15E /* NetWorkService.swift */ = {isa = PBXFileReference; fileEncoding = 4; lastKnownFileType = sourcecode.swift; path = NetWorkService.swift; sourceTree = "<group>"; };
		FB6046AA29B8D0E800A5C15E /* MainViewVC.swift */ = {isa = PBXFileReference; fileEncoding = 4; lastKnownFileType = sourcecode.swift; path = MainViewVC.swift; sourceTree = "<group>"; };
		FB6046AB29B8D0E800A5C15E /* MyCell.swift */ = {isa = PBXFileReference; fileEncoding = 4; lastKnownFileType = sourcecode.swift; path = MyCell.swift; sourceTree = "<group>"; };
		FB6046AC29B8D0E800A5C15E /* MainView.swift */ = {isa = PBXFileReference; fileEncoding = 4; lastKnownFileType = sourcecode.swift; path = MainView.swift; sourceTree = "<group>"; };
		FB8F482029BC805600078120 /* WeatherModel.xcdatamodel */ = {isa = PBXFileReference; lastKnownFileType = wrapper.xcdatamodel; path = WeatherModel.xcdatamodel; sourceTree = "<group>"; };
		FB9A97BB29C0E70F00E5B96E /* rainNight.gif */ = {isa = PBXFileReference; lastKnownFileType = image.gif; path = rainNight.gif; sourceTree = "<group>"; };
		FB9A97BD29C0E88200E5B96E /* clearskyNight.gif */ = {isa = PBXFileReference; lastKnownFileType = image.gif; path = clearskyNight.gif; sourceTree = "<group>"; };
		FB9A97BF29C0E88900E5B96E /* snowNight.gif */ = {isa = PBXFileReference; lastKnownFileType = image.gif; path = snowNight.gif; sourceTree = "<group>"; };
		FBACD12929BB900A007BB94A /* NetWorkApi.swift */ = {isa = PBXFileReference; lastKnownFileType = sourcecode.swift; path = NetWorkApi.swift; sourceTree = "<group>"; };
/* End PBXFileReference section */

/* Begin PBXFrameworksBuildPhase section */
		FB60467629B8D08900A5C15E /* Frameworks */ = {
			isa = PBXFrameworksBuildPhase;
			buildActionMask = 2147483647;
			files = (
				0A197BD3FD9F54AFE6CAAE1F /* Pods_WeatherApps.framework in Frameworks */,
			);
			runOnlyForDeploymentPostprocessing = 0;
		};
/* End PBXFrameworksBuildPhase section */

/* Begin PBXGroup section */
		1BF70C004A1A92C2AB0B53BC /* Frameworks */ = {
			isa = PBXGroup;
			children = (
				03C346ABE6A846E0743195E0 /* Pods_WeatherApps.framework */,
			);
			name = Frameworks;
			sourceTree = "<group>";
		};
		C60E2AA80FA98B622D799784 /* Pods */ = {
			isa = PBXGroup;
			children = (
				8B9A6CBFEE5560DE957AB67D /* Pods-WeatherApps.debug.xcconfig */,
				09C3E36CAF1D072BE4B7D5AE /* Pods-WeatherApps.release.xcconfig */,
			);
			path = Pods;
			sourceTree = "<group>";
		};
		FB4D0FB029BDFEF4009B4438 /* Gifs */ = {
			isa = PBXGroup;
			children = (
				FB5F017E29C25E9200AA853D /* addCitySound.mp3 */,
				FB5F017C29C25CCC00AA853D /* deleteSound.mp3 */,
				FB119A0929C59B6600267DC9 /* clouds.gif */,
				FB119A0B29C59C0200267DC9 /* cloudsNight.gif */,
				FB9A97BB29C0E70F00E5B96E /* rainNight.gif */,
				FB4D0FA829BDD450009B4438 /* rain.gif */,
				FB4D0FB429BE609D009B4438 /* drizzle.gif */,
				FB4D0FAE29BDD6AB009B4438 /* clearsky.gif */,
				FB9A97BD29C0E88200E5B96E /* clearskyNight.gif */,
				FB4D0FAC29BDD5BC009B4438 /* snow.gif */,
				FB9A97BF29C0E88900E5B96E /* snowNight.gif */,
				FB4D0FA629BDD3C4009B4438 /* thunderstorm.gif */,
			);
			path = Gifs;
			sourceTree = "<group>";
		};
		FB60467029B8D08900A5C15E = {
			isa = PBXGroup;
			children = (
				FB60467B29B8D08900A5C15E /* WeatherApps */,
				FB60467A29B8D08900A5C15E /* Products */,
				C60E2AA80FA98B622D799784 /* Pods */,
				1BF70C004A1A92C2AB0B53BC /* Frameworks */,
			);
			sourceTree = "<group>";
		};
		FB60467A29B8D08900A5C15E /* Products */ = {
			isa = PBXGroup;
			children = (
				FB60467929B8D08900A5C15E /* WeatherApps.app */,
			);
			name = Products;
			sourceTree = "<group>";
		};
		FB60467B29B8D08900A5C15E /* WeatherApps */ = {
			isa = PBXGroup;
			children = (
				FB4D0FB029BDFEF4009B4438 /* Gifs */,
				FB60467C29B8D08900A5C15E /* AppDelegate.swift */,
				FB60467E29B8D08900A5C15E /* SceneDelegate.swift */,
				FB8F481F29BC805600078120 /* WeatherModel.xcdatamodeld */,
				FB60468529B8D08A00A5C15E /* Assets.xcassets */,
				FB60468729B8D08A00A5C15E /* LaunchScreen.storyboard */,
				FB60468A29B8D08A00A5C15E /* Info.plist */,
				FB6046B329B8D11100A5C15E /* EasyWay */,
				FB6046B229B8D10900A5C15E /* Model */,
				FB6046B129B8D10000A5C15E /* Service */,
				FB6046B029B8D0FA00A5C15E /* VC */,
			);
			path = WeatherApps;
			sourceTree = "<group>";
		};
		FB6046B029B8D0FA00A5C15E /* VC */ = {
			isa = PBXGroup;
			children = (
				FB6046AA29B8D0E800A5C15E /* MainViewVC.swift */,
				FB6046AC29B8D0E800A5C15E /* MainView.swift */,
				FB6046AB29B8D0E800A5C15E /* MyCell.swift */,
				FB38C8FC29BA617400D68386 /* DetailVC.swift */,
				FB38C8FE29BA618100D68386 /* DetailView.swift */,
			);
			path = VC;
			sourceTree = "<group>";
		};
		FB6046B129B8D10000A5C15E /* Service */ = {
			isa = PBXGroup;
			children = (
				FB6046A829B8D0D500A5C15E /* NetWorkService.swift */,
				FBACD12929BB900A007BB94A /* NetWorkApi.swift */,
				FB0B318F29C7234D00C931CF /* TimeWorker.swift */,
			);
			path = Service;
			sourceTree = "<group>";
		};
		FB6046B229B8D10900A5C15E /* Model */ = {
			isa = PBXGroup;
			children = (
				FB6046A329B8D0C700A5C15E /* GeoData.swift */,
				FB6046A129B8D0C700A5C15E /* WeatherData.swift */,
				FB4D0FB829BE7375009B4438 /* BorderActivity.swift */,
				FB47B26829BFA92F00027EB8 /* WeatherCondition.swift */,
			);
			path = Model;
			sourceTree = "<group>";
		};
		FB6046B329B8D11100A5C15E /* EasyWay */ = {
			isa = PBXGroup;
			children = (
				FB60469229B8D0B700A5C15E /* ButtonExtension.swift */,
				FB60469629B8D0B700A5C15E /* Helper.swift */,
				FB60469329B8D0B700A5C15E /* LabelExtension.swift */,
				FB60469029B8D0B700A5C15E /* ODColors.swift */,
				FB60469129B8D0B700A5C15E /* ODFonts.swift */,
				FB60469529B8D0B700A5C15E /* StackViewExtension.swift */,
				FB60469729B8D0B700A5C15E /* TextFieldExtension.swift */,
				FB60469429B8D0B700A5C15E /* ViewSettings.swift */,
			);
			path = EasyWay;
			sourceTree = "<group>";
		};
/* End PBXGroup section */

/* Begin PBXNativeTarget section */
		FB60467829B8D08900A5C15E /* WeatherApps */ = {
			isa = PBXNativeTarget;
			buildConfigurationList = FB60468D29B8D08A00A5C15E /* Build configuration list for PBXNativeTarget "WeatherApps" */;
			buildPhases = (
				3A1535D21FBF4833471D933D /* [CP] Check Pods Manifest.lock */,
				FB60467529B8D08900A5C15E /* Sources */,
				FB60467629B8D08900A5C15E /* Frameworks */,
				FB60467729B8D08900A5C15E /* Resources */,
				A63023995A5A49EFB286160D /* [CP] Embed Pods Frameworks */,
			);
			buildRules = (
			);
			dependencies = (
			);
			name = WeatherApps;
			productName = WeatherApps;
			productReference = FB60467929B8D08900A5C15E /* WeatherApps.app */;
			productType = "com.apple.product-type.application";
		};
/* End PBXNativeTarget section */

/* Begin PBXProject section */
		FB60467129B8D08900A5C15E /* Project object */ = {
			isa = PBXProject;
			attributes = {
				BuildIndependentTargetsInParallel = 1;
				LastSwiftUpdateCheck = 1420;
				LastUpgradeCheck = 1420;
				TargetAttributes = {
					FB60467829B8D08900A5C15E = {
						CreatedOnToolsVersion = 14.2;
					};
				};
			};
			buildConfigurationList = FB60467429B8D08900A5C15E /* Build configuration list for PBXProject "WeatherApps" */;
			compatibilityVersion = "Xcode 14.0";
			developmentRegion = en;
			hasScannedForEncodings = 0;
			knownRegions = (
				en,
				Base,
			);
			mainGroup = FB60467029B8D08900A5C15E;
			productRefGroup = FB60467A29B8D08900A5C15E /* Products */;
			projectDirPath = "";
			projectRoot = "";
			targets = (
				FB60467829B8D08900A5C15E /* WeatherApps */,
			);
		};
/* End PBXProject section */

/* Begin PBXResourcesBuildPhase section */
		FB60467729B8D08900A5C15E /* Resources */ = {
			isa = PBXResourcesBuildPhase;
			buildActionMask = 2147483647;
			files = (
				FB4D0FAD29BDD5BC009B4438 /* snow.gif in Resources */,
				FB9A97C029C0E88900E5B96E /* snowNight.gif in Resources */,
				FB119A0A29C59B6600267DC9 /* clouds.gif in Resources */,
				FB5F017F29C25E9200AA853D /* addCitySound.mp3 in Resources */,
				FB4D0FA729BDD3C4009B4438 /* thunderstorm.gif in Resources */,
				FB60468929B8D08A00A5C15E /* LaunchScreen.storyboard in Resources */,
				FB4D0FA929BDD450009B4438 /* rain.gif in Resources */,
				FB5F017D29C25CCC00AA853D /* deleteSound.mp3 in Resources */,
				FB9A97BE29C0E88200E5B96E /* clearskyNight.gif in Resources */,
				FB4D0FB529BE609D009B4438 /* drizzle.gif in Resources */,
				FB9A97BC29C0E70F00E5B96E /* rainNight.gif in Resources */,
				FB60468629B8D08A00A5C15E /* Assets.xcassets in Resources */,
				FB4D0FAF29BDD6AB009B4438 /* clearsky.gif in Resources */,
				FB119A0C29C59C0200267DC9 /* cloudsNight.gif in Resources */,
			);
			runOnlyForDeploymentPostprocessing = 0;
		};
/* End PBXResourcesBuildPhase section */

/* Begin PBXShellScriptBuildPhase section */
		3A1535D21FBF4833471D933D /* [CP] Check Pods Manifest.lock */ = {
			isa = PBXShellScriptBuildPhase;
			buildActionMask = 2147483647;
			files = (
			);
			inputFileListPaths = (
			);
			inputPaths = (
				"${PODS_PODFILE_DIR_PATH}/Podfile.lock",
				"${PODS_ROOT}/Manifest.lock",
			);
			name = "[CP] Check Pods Manifest.lock";
			outputFileListPaths = (
			);
			outputPaths = (
				"$(DERIVED_FILE_DIR)/Pods-WeatherApps-checkManifestLockResult.txt",
			);
			runOnlyForDeploymentPostprocessing = 0;
			shellPath = /bin/sh;
			shellScript = "diff \"${PODS_PODFILE_DIR_PATH}/Podfile.lock\" \"${PODS_ROOT}/Manifest.lock\" > /dev/null\nif [ $? != 0 ] ; then\n    # print error to STDERR\n    echo \"error: The sandbox is not in sync with the Podfile.lock. Run 'pod install' or update your CocoaPods installation.\" >&2\n    exit 1\nfi\n# This output is used by Xcode 'outputs' to avoid re-running this script phase.\necho \"SUCCESS\" > \"${SCRIPT_OUTPUT_FILE_0}\"\n";
			showEnvVarsInLog = 0;
		};
		A63023995A5A49EFB286160D /* [CP] Embed Pods Frameworks */ = {
			isa = PBXShellScriptBuildPhase;
			buildActionMask = 2147483647;
			files = (
			);
			inputFileListPaths = (
				"${PODS_ROOT}/Target Support Files/Pods-WeatherApps/Pods-WeatherApps-frameworks-${CONFIGURATION}-input-files.xcfilelist",
			);
			name = "[CP] Embed Pods Frameworks";
			outputFileListPaths = (
				"${PODS_ROOT}/Target Support Files/Pods-WeatherApps/Pods-WeatherApps-frameworks-${CONFIGURATION}-output-files.xcfilelist",
			);
			runOnlyForDeploymentPostprocessing = 0;
			shellPath = /bin/sh;
			shellScript = "\"${PODS_ROOT}/Target Support Files/Pods-WeatherApps/Pods-WeatherApps-frameworks.sh\"\n";
			showEnvVarsInLog = 0;
		};
/* End PBXShellScriptBuildPhase section */

/* Begin PBXSourcesBuildPhase section */
		FB60467529B8D08900A5C15E /* Sources */ = {
			isa = PBXSourcesBuildPhase;
			buildActionMask = 2147483647;
			files = (
				FB60469B29B8D0B700A5C15E /* LabelExtension.swift in Sources */,
				FB6046AF29B8D0E800A5C15E /* MainView.swift in Sources */,
				FBACD12A29BB900A007BB94A /* NetWorkApi.swift in Sources */,
				FB60469D29B8D0B700A5C15E /* StackViewExtension.swift in Sources */,
				FB60467D29B8D08900A5C15E /* AppDelegate.swift in Sources */,
				FB6046AE29B8D0E800A5C15E /* MyCell.swift in Sources */,
				FB38C8FD29BA617400D68386 /* DetailVC.swift in Sources */,
				FB6046A929B8D0D500A5C15E /* NetWorkService.swift in Sources */,
				FB6046AD29B8D0E800A5C15E /* MainViewVC.swift in Sources */,
				FB60469F29B8D0B700A5C15E /* TextFieldExtension.swift in Sources */,
				FB60469929B8D0B700A5C15E /* ODFonts.swift in Sources */,
				FB38C8FF29BA618100D68386 /* DetailView.swift in Sources */,
				FB4D0FB929BE7375009B4438 /* BorderActivity.swift in Sources */,
				FB6046A729B8D0C700A5C15E /* GeoData.swift in Sources */,
				FB8F482129BC805600078120 /* WeatherModel.xcdatamodeld in Sources */,
				FB0B319029C7234D00C931CF /* TimeWorker.swift in Sources */,
				FB47B26929BFA92F00027EB8 /* WeatherCondition.swift in Sources */,
				FB60469A29B8D0B700A5C15E /* ButtonExtension.swift in Sources */,
				FB60469E29B8D0B700A5C15E /* Helper.swift in Sources */,
				FB60469C29B8D0B700A5C15E /* ViewSettings.swift in Sources */,
				FB60469829B8D0B700A5C15E /* ODColors.swift in Sources */,
				FB6046A529B8D0C700A5C15E /* WeatherData.swift in Sources */,
				FB60467F29B8D08900A5C15E /* SceneDelegate.swift in Sources */,
			);
			runOnlyForDeploymentPostprocessing = 0;
		};
/* End PBXSourcesBuildPhase section */

/* Begin PBXVariantGroup section */
		FB60468729B8D08A00A5C15E /* LaunchScreen.storyboard */ = {
			isa = PBXVariantGroup;
			children = (
				FB60468829B8D08A00A5C15E /* Base */,
			);
			name = LaunchScreen.storyboard;
			sourceTree = "<group>";
		};
/* End PBXVariantGroup section */

/* Begin XCBuildConfiguration section */
		FB60468B29B8D08A00A5C15E /* Debug */ = {
			isa = XCBuildConfiguration;
			buildSettings = {
				ALWAYS_SEARCH_USER_PATHS = NO;
				CLANG_ANALYZER_NONNULL = YES;
				CLANG_ANALYZER_NUMBER_OBJECT_CONVERSION = YES_AGGRESSIVE;
				CLANG_CXX_LANGUAGE_STANDARD = "gnu++20";
				CLANG_ENABLE_MODULES = YES;
				CLANG_ENABLE_OBJC_ARC = YES;
				CLANG_ENABLE_OBJC_WEAK = YES;
				CLANG_WARN_BLOCK_CAPTURE_AUTORELEASING = YES;
				CLANG_WARN_BOOL_CONVERSION = YES;
				CLANG_WARN_COMMA = YES;
				CLANG_WARN_CONSTANT_CONVERSION = YES;
				CLANG_WARN_DEPRECATED_OBJC_IMPLEMENTATIONS = YES;
				CLANG_WARN_DIRECT_OBJC_ISA_USAGE = YES_ERROR;
				CLANG_WARN_DOCUMENTATION_COMMENTS = YES;
				CLANG_WARN_EMPTY_BODY = YES;
				CLANG_WARN_ENUM_CONVERSION = YES;
				CLANG_WARN_INFINITE_RECURSION = YES;
				CLANG_WARN_INT_CONVERSION = YES;
				CLANG_WARN_NON_LITERAL_NULL_CONVERSION = YES;
				CLANG_WARN_OBJC_IMPLICIT_RETAIN_SELF = YES;
				CLANG_WARN_OBJC_LITERAL_CONVERSION = YES;
				CLANG_WARN_OBJC_ROOT_CLASS = YES_ERROR;
				CLANG_WARN_QUOTED_INCLUDE_IN_FRAMEWORK_HEADER = YES;
				CLANG_WARN_RANGE_LOOP_ANALYSIS = YES;
				CLANG_WARN_STRICT_PROTOTYPES = YES;
				CLANG_WARN_SUSPICIOUS_MOVE = YES;
				CLANG_WARN_UNGUARDED_AVAILABILITY = YES_AGGRESSIVE;
				CLANG_WARN_UNREACHABLE_CODE = YES;
				CLANG_WARN__DUPLICATE_METHOD_MATCH = YES;
				COPY_PHASE_STRIP = NO;
				DEBUG_INFORMATION_FORMAT = dwarf;
				ENABLE_STRICT_OBJC_MSGSEND = YES;
				ENABLE_TESTABILITY = YES;
				GCC_C_LANGUAGE_STANDARD = gnu11;
				GCC_DYNAMIC_NO_PIC = NO;
				GCC_NO_COMMON_BLOCKS = YES;
				GCC_OPTIMIZATION_LEVEL = 0;
				GCC_PREPROCESSOR_DEFINITIONS = (
					"DEBUG=1",
					"$(inherited)",
				);
				GCC_WARN_64_TO_32_BIT_CONVERSION = YES;
				GCC_WARN_ABOUT_RETURN_TYPE = YES_ERROR;
				GCC_WARN_UNDECLARED_SELECTOR = YES;
				GCC_WARN_UNINITIALIZED_AUTOS = YES_AGGRESSIVE;
				GCC_WARN_UNUSED_FUNCTION = YES;
				GCC_WARN_UNUSED_VARIABLE = YES;
				IPHONEOS_DEPLOYMENT_TARGET = 16.2;
				MTL_ENABLE_DEBUG_INFO = INCLUDE_SOURCE;
				MTL_FAST_MATH = YES;
				ONLY_ACTIVE_ARCH = YES;
				SDKROOT = iphoneos;
				SWIFT_ACTIVE_COMPILATION_CONDITIONS = DEBUG;
				SWIFT_OPTIMIZATION_LEVEL = "-Onone";
			};
			name = Debug;
		};
		FB60468C29B8D08A00A5C15E /* Release */ = {
			isa = XCBuildConfiguration;
			buildSettings = {
				ALWAYS_SEARCH_USER_PATHS = NO;
				CLANG_ANALYZER_NONNULL = YES;
				CLANG_ANALYZER_NUMBER_OBJECT_CONVERSION = YES_AGGRESSIVE;
				CLANG_CXX_LANGUAGE_STANDARD = "gnu++20";
				CLANG_ENABLE_MODULES = YES;
				CLANG_ENABLE_OBJC_ARC = YES;
				CLANG_ENABLE_OBJC_WEAK = YES;
				CLANG_WARN_BLOCK_CAPTURE_AUTORELEASING = YES;
				CLANG_WARN_BOOL_CONVERSION = YES;
				CLANG_WARN_COMMA = YES;
				CLANG_WARN_CONSTANT_CONVERSION = YES;
				CLANG_WARN_DEPRECATED_OBJC_IMPLEMENTATIONS = YES;
				CLANG_WARN_DIRECT_OBJC_ISA_USAGE = YES_ERROR;
				CLANG_WARN_DOCUMENTATION_COMMENTS = YES;
				CLANG_WARN_EMPTY_BODY = YES;
				CLANG_WARN_ENUM_CONVERSION = YES;
				CLANG_WARN_INFINITE_RECURSION = YES;
				CLANG_WARN_INT_CONVERSION = YES;
				CLANG_WARN_NON_LITERAL_NULL_CONVERSION = YES;
				CLANG_WARN_OBJC_IMPLICIT_RETAIN_SELF = YES;
				CLANG_WARN_OBJC_LITERAL_CONVERSION = YES;
				CLANG_WARN_OBJC_ROOT_CLASS = YES_ERROR;
				CLANG_WARN_QUOTED_INCLUDE_IN_FRAMEWORK_HEADER = YES;
				CLANG_WARN_RANGE_LOOP_ANALYSIS = YES;
				CLANG_WARN_STRICT_PROTOTYPES = YES;
				CLANG_WARN_SUSPICIOUS_MOVE = YES;
				CLANG_WARN_UNGUARDED_AVAILABILITY = YES_AGGRESSIVE;
				CLANG_WARN_UNREACHABLE_CODE = YES;
				CLANG_WARN__DUPLICATE_METHOD_MATCH = YES;
				COPY_PHASE_STRIP = NO;
				DEBUG_INFORMATION_FORMAT = "dwarf-with-dsym";
				ENABLE_NS_ASSERTIONS = NO;
				ENABLE_STRICT_OBJC_MSGSEND = YES;
				GCC_C_LANGUAGE_STANDARD = gnu11;
				GCC_NO_COMMON_BLOCKS = YES;
				GCC_WARN_64_TO_32_BIT_CONVERSION = YES;
				GCC_WARN_ABOUT_RETURN_TYPE = YES_ERROR;
				GCC_WARN_UNDECLARED_SELECTOR = YES;
				GCC_WARN_UNINITIALIZED_AUTOS = YES_AGGRESSIVE;
				GCC_WARN_UNUSED_FUNCTION = YES;
				GCC_WARN_UNUSED_VARIABLE = YES;
				IPHONEOS_DEPLOYMENT_TARGET = 16.2;
				MTL_ENABLE_DEBUG_INFO = NO;
				MTL_FAST_MATH = YES;
				SDKROOT = iphoneos;
				SWIFT_COMPILATION_MODE = wholemodule;
				SWIFT_OPTIMIZATION_LEVEL = "-O";
				VALIDATE_PRODUCT = YES;
			};
			name = Release;
		};
		FB60468E29B8D08A00A5C15E /* Debug */ = {
			isa = XCBuildConfiguration;
			baseConfigurationReference = 8B9A6CBFEE5560DE957AB67D /* Pods-WeatherApps.debug.xcconfig */;
			buildSettings = {
				ASSETCATALOG_COMPILER_APPICON_NAME = AppIcon;
				ASSETCATALOG_COMPILER_GLOBAL_ACCENT_COLOR_NAME = AccentColor;
				CODE_SIGN_STYLE = Automatic;
				CURRENT_PROJECT_VERSION = 1;
				DEVELOPMENT_TEAM = 5JSNU535FQ;
				GENERATE_INFOPLIST_FILE = YES;
				INFOPLIST_FILE = WeatherApps/Info.plist;
				INFOPLIST_KEY_UIApplicationSupportsIndirectInputEvents = YES;
				INFOPLIST_KEY_UILaunchStoryboardName = LaunchScreen;
				INFOPLIST_KEY_UISupportedInterfaceOrientations_iPad = "UIInterfaceOrientationPortrait UIInterfaceOrientationPortraitUpsideDown UIInterfaceOrientationLandscapeLeft UIInterfaceOrientationLandscapeRight";
				INFOPLIST_KEY_UISupportedInterfaceOrientations_iPhone = "UIInterfaceOrientationPortrait UIInterfaceOrientationLandscapeLeft UIInterfaceOrientationLandscapeRight";
				LD_RUNPATH_SEARCH_PATHS = (
					"$(inherited)",
					"@executable_path/Frameworks",
				);
				MARKETING_VERSION = 1.0;
				PRODUCT_BUNDLE_IDENTIFIER = Ottos.WeatherApps;
				PRODUCT_NAME = "$(TARGET_NAME)";
				SWIFT_EMIT_LOC_STRINGS = YES;
				SWIFT_VERSION = 5.0;
				TARGETED_DEVICE_FAMILY = "1,2";
			};
			name = Debug;
		};
		FB60468F29B8D08A00A5C15E /* Release */ = {
			isa = XCBuildConfiguration;
			baseConfigurationReference = 09C3E36CAF1D072BE4B7D5AE /* Pods-WeatherApps.release.xcconfig */;
			buildSettings = {
				ASSETCATALOG_COMPILER_APPICON_NAME = AppIcon;
				ASSETCATALOG_COMPILER_GLOBAL_ACCENT_COLOR_NAME = AccentColor;
				CODE_SIGN_STYLE = Automatic;
				CURRENT_PROJECT_VERSION = 1;
				DEVELOPMENT_TEAM = 5JSNU535FQ;
				GENERATE_INFOPLIST_FILE = YES;
				INFOPLIST_FILE = WeatherApps/Info.plist;
				INFOPLIST_KEY_UIApplicationSupportsIndirectInputEvents = YES;
				INFOPLIST_KEY_UILaunchStoryboardName = LaunchScreen;
				INFOPLIST_KEY_UISupportedInterfaceOrientations_iPad = "UIInterfaceOrientationPortrait UIInterfaceOrientationPortraitUpsideDown UIInterfaceOrientationLandscapeLeft UIInterfaceOrientationLandscapeRight";
				INFOPLIST_KEY_UISupportedInterfaceOrientations_iPhone = "UIInterfaceOrientationPortrait UIInterfaceOrientationLandscapeLeft UIInterfaceOrientationLandscapeRight";
				LD_RUNPATH_SEARCH_PATHS = (
					"$(inherited)",
					"@executable_path/Frameworks",
				);
				MARKETING_VERSION = 1.0;
				PRODUCT_BUNDLE_IDENTIFIER = Ottos.WeatherApps;
				PRODUCT_NAME = "$(TARGET_NAME)";
				SWIFT_EMIT_LOC_STRINGS = YES;
				SWIFT_VERSION = 5.0;
				TARGETED_DEVICE_FAMILY = "1,2";
			};
			name = Release;
		};
/* End XCBuildConfiguration section */

/* Begin XCConfigurationList section */
		FB60467429B8D08900A5C15E /* Build configuration list for PBXProject "WeatherApps" */ = {
			isa = XCConfigurationList;
			buildConfigurations = (
				FB60468B29B8D08A00A5C15E /* Debug */,
				FB60468C29B8D08A00A5C15E /* Release */,
			);
			defaultConfigurationIsVisible = 0;
			defaultConfigurationName = Release;
		};
		FB60468D29B8D08A00A5C15E /* Build configuration list for PBXNativeTarget "WeatherApps" */ = {
			isa = XCConfigurationList;
			buildConfigurations = (
				FB60468E29B8D08A00A5C15E /* Debug */,
				FB60468F29B8D08A00A5C15E /* Release */,
			);
			defaultConfigurationIsVisible = 0;
			defaultConfigurationName = Release;
		};
/* End XCConfigurationList section */

/* Begin XCVersionGroup section */
		FB8F481F29BC805600078120 /* WeatherModel.xcdatamodeld */ = {
			isa = XCVersionGroup;
			children = (
				FB8F482029BC805600078120 /* WeatherModel.xcdatamodel */,
			);
			currentVersion = FB8F482029BC805600078120 /* WeatherModel.xcdatamodel */;
			path = WeatherModel.xcdatamodeld;
			sourceTree = "<group>";
			versionGroupType = wrapper.xcdatamodel;
		};
/* End XCVersionGroup section */
	};
	rootObject = FB60467129B8D08900A5C15E /* Project object */;
}
